{
  "object": {
    "pins": [
      {
        "package": "TimelineTableViewCell",
        "repositoryURL": "https://github.com/kf99916/TimelineTableViewCell.git",
        "state": {
          "branch": null,
          "revision": "ddd74c3f1993cdff68b3b86dac8ffd46b0795dd7",
          "version": "2.2.2"
        }
      }
    ]
  },
  "version": 1
}
